
Microsoft Visual Studio Solution File, Format Version 12.00
# Visual Studio Version 17
VisualStudioVersion = 17.8.34309.116
MinimumVisualStudioVersion = 10.0.40219.1
Project("{2150E333-8FDC-42A3-9474-1A3956D46DE8}") = "Solution Items", "Solution Items", "{A638F6B3-6409-4D7A-8ED3-65C73D6BC0AB}"
	ProjectSection(SolutionItems) = preProject
		readme.md = readme.md
	EndProjectSection
EndProject
Project("{2150E333-8FDC-42A3-9474-1A3956D46DE8}") = "Class projects", "Class projects", "{D5C632B1-F708-4531-AE71-17A7736246C4}"
EndProject
Project("{9A19103F-16F7-4668-BE54-9A1E7A4F7556}") = "NorthWind2023Library", "NorthWind2023Library\NorthWind2023Library.csproj", "{7691126E-1B90-47C3-A2F6-9E05D2964B9E}"
EndProject
Project("{9A19103F-16F7-4668-BE54-9A1E7A4F7556}") = "NorthWind2023App", "NorthWind2023App\NorthWind2023App.csproj", "{F421F393-9457-41A1-B9CA-CCF4229C0B69}"
EndProject
Project("{2150E333-8FDC-42A3-9474-1A3956D46DE8}") = "Console projects", "Console projects", "{03F153B5-E361-42AB-B232-A21F2F0E7AFB}"
EndProject
Project("{9A19103F-16F7-4668-BE54-9A1E7A4F7556}") = "ComplexTypesSampleApp", "ComplexTypesSampleApp\ComplexTypesSampleApp.csproj", "{EC17388F-4B97-430D-B724-2685A56F56F1}"
EndProject
Project("{9A19103F-16F7-4668-BE54-9A1E7A4F7556}") = "ImmutableComplexTypesSampleApp", "ImmutableComplexTypesSampleApp\ImmutableComplexTypesSampleApp.csproj", "{7A93F7C4-CB8A-4543-9A2A-C5CBC3405C09}"
EndProject
Project("{9A19103F-16F7-4668-BE54-9A1E7A4F7556}") = "EntityLibrary", "EntityLibrary\EntityLibrary.csproj", "{E57A5031-F151-412D-A7DD-2A18C33CA55A}"
EndProject
Project("{9A19103F-16F7-4668-BE54-9A1E7A4F7556}") = "UtilityLibarary", "UtilityLibarary\UtilityLibarary.csproj", "{1C8C5E2E-D928-443C-88F5-57C633634E39}"
EndProject
Project("{9A19103F-16F7-4668-BE54-9A1E7A4F7556}") = "ExecuteUpdateDeleteSampleApp", "ExecuteUpdateDeleteSampleApp\ExecuteUpdateDeleteSampleApp.csproj", "{17FE9D83-9E37-4051-B0A4-6FDE95B7EAC3}"
EndProject
Project("{9A19103F-16F7-4668-BE54-9A1E7A4F7556}") = "DefaultConstraintSampleApp", "DefaultConstraintSampleApp\DefaultConstraintSampleApp.csproj", "{D1C1E0F2-EBDB-40E0-B878-33B1F51F678D}"
EndProject
Project("{9A19103F-16F7-4668-BE54-9A1E7A4F7556}") = "DateOnlyTimeOnlySampleApp", "DateOnlyTimeOnlySampleApp\DateOnlyTimeOnlySampleApp.csproj", "{574E9A31-253D-4CDA-8768-0C3DC88CFB3F}"
EndProject
Project("{9A19103F-16F7-4668-BE54-9A1E7A4F7556}") = "HierarchyIdSampleApp", "HierarchyIdSampleApp\HierarchyIdSampleApp.csproj", "{7AE9DAC6-4DF2-46B2-9FBD-6825BD9FB5C5}"
EndProject
Project("{9A19103F-16F7-4668-BE54-9A1E7A4F7556}") = "BooksApp", "BooksApp\BooksApp.csproj", "{CCBCF928-BA04-4080-90CC-3822D15088C9}"
EndProject
Project("{2150E333-8FDC-42A3-9474-1A3956D46DE8}") = "Utilities", "Utilities", "{4C8569AA-17EC-4D25-B9EF-710931F8A6F3}"
EndProject
Project("{9A19103F-16F7-4668-BE54-9A1E7A4F7556}") = "BenchmarkDotnetTools", "BenchmarkdotnetTools\BenchmarkDotnetTools.csproj", "{C8264947-C787-442D-B799-716C7B6D1C87}"
EndProject
Project("{9A19103F-16F7-4668-BE54-9A1E7A4F7556}") = "ComputedColumnsApp", "ComputedColumnsApp\ComputedColumnsApp.csproj", "{E7A0701D-312D-45C2-8FB5-1D3B6EFB9FDE}"
EndProject
Project("{2150E333-8FDC-42A3-9474-1A3956D46DE8}") = "Microsoft Access", "Microsoft Access", "{B0462F9E-943D-4E15-A91D-9614A39BD77B}"
EndProject
Project("{9A19103F-16F7-4668-BE54-9A1E7A4F7556}") = "AccessEntityFramework", "AccessEntityFramework\AccessEntityFramework.csproj", "{3A439DAE-FF20-4DA6-B405-AFE58678F920}"
EndProject
Project("{2150E333-8FDC-42A3-9474-1A3956D46DE8}") = "SQL Server", "SQL Server", "{6B247C4B-0225-457B-ACBC-38CEB792C12B}"
EndProject
Project("{9A19103F-16F7-4668-BE54-9A1E7A4F7556}") = "WineConsoleApp", "WineConsoleApp\WineConsoleApp.csproj", "{6B056CFB-D9B0-4E4E-8082-02345ED4624B}"
EndProject
Project("{9A19103F-16F7-4668-BE54-9A1E7A4F7556}") = "ShadowProperties", "ShadowProperties\ShadowProperties.csproj", "{3A916FD0-34CD-48E6-AA64-5BCB72DF633F}"
EndProject
Project("{2150E333-8FDC-42A3-9474-1A3956D46DE8}") = "ASP projects", "ASP projects", "{102E00B5-C267-4ADF-8808-884E3374BD22}"
EndProject
Project("{9A19103F-16F7-4668-BE54-9A1E7A4F7556}") = "HasQueryFilterRazorApp", "HasQueryFilterRazorApp\HasQueryFilterRazorApp.csproj", "{2B2BF682-450A-47D4-BA8D-BA239D3543D3}"
EndProject
Project("{9A19103F-16F7-4668-BE54-9A1E7A4F7556}") = "CreateAndPopulateSqlServerApp", "CreateAndPopulateSqlServerApp\CreateAndPopulateSqlServerApp.csproj", "{54890BB5-2C89-4E51-AC10-6A4E71D2AA9A}"
EndProject
Project("{2150E333-8FDC-42A3-9474-1A3956D46DE8}") = "SqlLite", "SqlLite", "{029FBFA3-6FEA-4867-9797-02ED3FE71AFA}"
EndProject
Project("{2150E333-8FDC-42A3-9474-1A3956D46DE8}") = "Interception", "Interception", "{E99D6F1D-F4C3-4C2A-902E-CA9922DEDD73}"
EndProject
Project("{9A19103F-16F7-4668-BE54-9A1E7A4F7556}") = "CachingInterception", "CachingInterception\CachingInterception.csproj", "{007B39D1-CE64-47C3-AA8C-29F4830F9549}"
EndProject
Project("{9A19103F-16F7-4668-BE54-9A1E7A4F7556}") = "ConsoleHelper", "ConsoleHelper\ConsoleHelper.csproj", "{E14C12A9-4C16-4648-8E6C-91897795E4A5}"
EndProject
Project("{9A19103F-16F7-4668-BE54-9A1E7A4F7556}") = "TimeBetweenApp", "TimeBetweenApp\TimeBetweenApp.csproj", "{CCD6BF6F-C784-4407-B8D4-DEC983CC816A}"
EndProject
Project("{FAE04EC0-301F-11D3-BF4B-00C04F79EFBC}") = "DateBetweenApp", "DateBetweenApp\DateBetweenApp.csproj", "{0ECAF58D-E6A2-485C-9166-76887D7A8DB2}"
EndProject
Global
	GlobalSection(SolutionConfigurationPlatforms) = preSolution
		Debug|Any CPU = Debug|Any CPU
		Release|Any CPU = Release|Any CPU
	EndGlobalSection
	GlobalSection(ProjectConfigurationPlatforms) = postSolution
		{7691126E-1B90-47C3-A2F6-9E05D2964B9E}.Debug|Any CPU.ActiveCfg = Debug|Any CPU
		{7691126E-1B90-47C3-A2F6-9E05D2964B9E}.Debug|Any CPU.Build.0 = Debug|Any CPU
		{7691126E-1B90-47C3-A2F6-9E05D2964B9E}.Release|Any CPU.ActiveCfg = Release|Any CPU
		{7691126E-1B90-47C3-A2F6-9E05D2964B9E}.Release|Any CPU.Build.0 = Release|Any CPU
		{F421F393-9457-41A1-B9CA-CCF4229C0B69}.Debug|Any CPU.ActiveCfg = Debug|Any CPU
		{F421F393-9457-41A1-B9CA-CCF4229C0B69}.Debug|Any CPU.Build.0 = Debug|Any CPU
		{F421F393-9457-41A1-B9CA-CCF4229C0B69}.Release|Any CPU.ActiveCfg = Release|Any CPU
		{F421F393-9457-41A1-B9CA-CCF4229C0B69}.Release|Any CPU.Build.0 = Release|Any CPU
		{EC17388F-4B97-430D-B724-2685A56F56F1}.Debug|Any CPU.ActiveCfg = Debug|Any CPU
		{EC17388F-4B97-430D-B724-2685A56F56F1}.Debug|Any CPU.Build.0 = Debug|Any CPU
		{EC17388F-4B97-430D-B724-2685A56F56F1}.Release|Any CPU.ActiveCfg = Debug|Any CPU
		{EC17388F-4B97-430D-B724-2685A56F56F1}.Release|Any CPU.Build.0 = Debug|Any CPU
		{7A93F7C4-CB8A-4543-9A2A-C5CBC3405C09}.Debug|Any CPU.ActiveCfg = Debug|Any CPU
		{7A93F7C4-CB8A-4543-9A2A-C5CBC3405C09}.Debug|Any CPU.Build.0 = Debug|Any CPU
		{7A93F7C4-CB8A-4543-9A2A-C5CBC3405C09}.Release|Any CPU.ActiveCfg = Debug|Any CPU
		{7A93F7C4-CB8A-4543-9A2A-C5CBC3405C09}.Release|Any CPU.Build.0 = Debug|Any CPU
		{E57A5031-F151-412D-A7DD-2A18C33CA55A}.Debug|Any CPU.ActiveCfg = Debug|Any CPU
		{E57A5031-F151-412D-A7DD-2A18C33CA55A}.Debug|Any CPU.Build.0 = Debug|Any CPU
		{E57A5031-F151-412D-A7DD-2A18C33CA55A}.Release|Any CPU.ActiveCfg = Debug|Any CPU
		{E57A5031-F151-412D-A7DD-2A18C33CA55A}.Release|Any CPU.Build.0 = Debug|Any CPU
		{1C8C5E2E-D928-443C-88F5-57C633634E39}.Debug|Any CPU.ActiveCfg = Debug|Any CPU
		{1C8C5E2E-D928-443C-88F5-57C633634E39}.Debug|Any CPU.Build.0 = Debug|Any CPU
		{1C8C5E2E-D928-443C-88F5-57C633634E39}.Release|Any CPU.ActiveCfg = Debug|Any CPU
		{1C8C5E2E-D928-443C-88F5-57C633634E39}.Release|Any CPU.Build.0 = Debug|Any CPU
		{17FE9D83-9E37-4051-B0A4-6FDE95B7EAC3}.Debug|Any CPU.ActiveCfg = Debug|Any CPU
		{17FE9D83-9E37-4051-B0A4-6FDE95B7EAC3}.Debug|Any CPU.Build.0 = Debug|Any CPU
		{17FE9D83-9E37-4051-B0A4-6FDE95B7EAC3}.Release|Any CPU.ActiveCfg = Debug|Any CPU
		{17FE9D83-9E37-4051-B0A4-6FDE95B7EAC3}.Release|Any CPU.Build.0 = Debug|Any CPU
		{D1C1E0F2-EBDB-40E0-B878-33B1F51F678D}.Debug|Any CPU.ActiveCfg = Debug|Any CPU
		{D1C1E0F2-EBDB-40E0-B878-33B1F51F678D}.Debug|Any CPU.Build.0 = Debug|Any CPU
		{D1C1E0F2-EBDB-40E0-B878-33B1F51F678D}.Release|Any CPU.ActiveCfg = Debug|Any CPU
		{D1C1E0F2-EBDB-40E0-B878-33B1F51F678D}.Release|Any CPU.Build.0 = Debug|Any CPU
		{574E9A31-253D-4CDA-8768-0C3DC88CFB3F}.Debug|Any CPU.ActiveCfg = Debug|Any CPU
		{574E9A31-253D-4CDA-8768-0C3DC88CFB3F}.Debug|Any CPU.Build.0 = Debug|Any CPU
		{574E9A31-253D-4CDA-8768-0C3DC88CFB3F}.Release|Any CPU.ActiveCfg = Debug|Any CPU
		{574E9A31-253D-4CDA-8768-0C3DC88CFB3F}.Release|Any CPU.Build.0 = Debug|Any CPU
		{7AE9DAC6-4DF2-46B2-9FBD-6825BD9FB5C5}.Debug|Any CPU.ActiveCfg = Debug|Any CPU
		{7AE9DAC6-4DF2-46B2-9FBD-6825BD9FB5C5}.Debug|Any CPU.Build.0 = Debug|Any CPU
		{7AE9DAC6-4DF2-46B2-9FBD-6825BD9FB5C5}.Release|Any CPU.ActiveCfg = Debug|Any CPU
		{7AE9DAC6-4DF2-46B2-9FBD-6825BD9FB5C5}.Release|Any CPU.Build.0 = Debug|Any CPU
		{CCBCF928-BA04-4080-90CC-3822D15088C9}.Debug|Any CPU.ActiveCfg = Debug|Any CPU
		{CCBCF928-BA04-4080-90CC-3822D15088C9}.Debug|Any CPU.Build.0 = Debug|Any CPU
		{CCBCF928-BA04-4080-90CC-3822D15088C9}.Release|Any CPU.ActiveCfg = Release|Any CPU
		{CCBCF928-BA04-4080-90CC-3822D15088C9}.Release|Any CPU.Build.0 = Release|Any CPU
		{C8264947-C787-442D-B799-716C7B6D1C87}.Debug|Any CPU.ActiveCfg = Debug|Any CPU
		{C8264947-C787-442D-B799-716C7B6D1C87}.Debug|Any CPU.Build.0 = Debug|Any CPU
		{C8264947-C787-442D-B799-716C7B6D1C87}.Release|Any CPU.ActiveCfg = Release|Any CPU
		{C8264947-C787-442D-B799-716C7B6D1C87}.Release|Any CPU.Build.0 = Release|Any CPU
		{E7A0701D-312D-45C2-8FB5-1D3B6EFB9FDE}.Debug|Any CPU.ActiveCfg = Debug|Any CPU
		{E7A0701D-312D-45C2-8FB5-1D3B6EFB9FDE}.Debug|Any CPU.Build.0 = Debug|Any CPU
		{E7A0701D-312D-45C2-8FB5-1D3B6EFB9FDE}.Release|Any CPU.ActiveCfg = Release|Any CPU
		{E7A0701D-312D-45C2-8FB5-1D3B6EFB9FDE}.Release|Any CPU.Build.0 = Release|Any CPU
		{3A439DAE-FF20-4DA6-B405-AFE58678F920}.Debug|Any CPU.ActiveCfg = Debug|Any CPU
		{3A439DAE-FF20-4DA6-B405-AFE58678F920}.Debug|Any CPU.Build.0 = Debug|Any CPU
		{3A439DAE-FF20-4DA6-B405-AFE58678F920}.Release|Any CPU.ActiveCfg = Release|Any CPU
		{3A439DAE-FF20-4DA6-B405-AFE58678F920}.Release|Any CPU.Build.0 = Release|Any CPU
		{6B056CFB-D9B0-4E4E-8082-02345ED4624B}.Debug|Any CPU.ActiveCfg = Debug|Any CPU
		{6B056CFB-D9B0-4E4E-8082-02345ED4624B}.Debug|Any CPU.Build.0 = Debug|Any CPU
		{6B056CFB-D9B0-4E4E-8082-02345ED4624B}.Release|Any CPU.ActiveCfg = Debug|Any CPU
		{6B056CFB-D9B0-4E4E-8082-02345ED4624B}.Release|Any CPU.Build.0 = Debug|Any CPU
		{3A916FD0-34CD-48E6-AA64-5BCB72DF633F}.Debug|Any CPU.ActiveCfg = Debug|Any CPU
		{3A916FD0-34CD-48E6-AA64-5BCB72DF633F}.Debug|Any CPU.Build.0 = Debug|Any CPU
		{3A916FD0-34CD-48E6-AA64-5BCB72DF633F}.Release|Any CPU.ActiveCfg = Release|Any CPU
		{3A916FD0-34CD-48E6-AA64-5BCB72DF633F}.Release|Any CPU.Build.0 = Release|Any CPU
		{2B2BF682-450A-47D4-BA8D-BA239D3543D3}.Debug|Any CPU.ActiveCfg = Debug|Any CPU
		{2B2BF682-450A-47D4-BA8D-BA239D3543D3}.Debug|Any CPU.Build.0 = Debug|Any CPU
		{2B2BF682-450A-47D4-BA8D-BA239D3543D3}.Release|Any CPU.ActiveCfg = Release|Any CPU
		{2B2BF682-450A-47D4-BA8D-BA239D3543D3}.Release|Any CPU.Build.0 = Release|Any CPU
		{54890BB5-2C89-4E51-AC10-6A4E71D2AA9A}.Debug|Any CPU.ActiveCfg = Debug|Any CPU
		{54890BB5-2C89-4E51-AC10-6A4E71D2AA9A}.Debug|Any CPU.Build.0 = Debug|Any CPU
		{54890BB5-2C89-4E51-AC10-6A4E71D2AA9A}.Release|Any CPU.ActiveCfg = Release|Any CPU
		{54890BB5-2C89-4E51-AC10-6A4E71D2AA9A}.Release|Any CPU.Build.0 = Release|Any CPU
		{007B39D1-CE64-47C3-AA8C-29F4830F9549}.Debug|Any CPU.ActiveCfg = Debug|Any CPU
		{007B39D1-CE64-47C3-AA8C-29F4830F9549}.Debug|Any CPU.Build.0 = Debug|Any CPU
		{007B39D1-CE64-47C3-AA8C-29F4830F9549}.Release|Any CPU.ActiveCfg = Release|Any CPU
		{007B39D1-CE64-47C3-AA8C-29F4830F9549}.Release|Any CPU.Build.0 = Release|Any CPU
		{E14C12A9-4C16-4648-8E6C-91897795E4A5}.Debug|Any CPU.ActiveCfg = Debug|Any CPU
		{E14C12A9-4C16-4648-8E6C-91897795E4A5}.Debug|Any CPU.Build.0 = Debug|Any CPU
		{E14C12A9-4C16-4648-8E6C-91897795E4A5}.Release|Any CPU.ActiveCfg = Release|Any CPU
		{E14C12A9-4C16-4648-8E6C-91897795E4A5}.Release|Any CPU.Build.0 = Release|Any CPU
		{CCD6BF6F-C784-4407-B8D4-DEC983CC816A}.Debug|Any CPU.ActiveCfg = Debug|Any CPU
		{CCD6BF6F-C784-4407-B8D4-DEC983CC816A}.Debug|Any CPU.Build.0 = Debug|Any CPU
		{CCD6BF6F-C784-4407-B8D4-DEC983CC816A}.Release|Any CPU.ActiveCfg = Release|Any CPU
		{CCD6BF6F-C784-4407-B8D4-DEC983CC816A}.Release|Any CPU.Build.0 = Release|Any CPU
		{0ECAF58D-E6A2-485C-9166-76887D7A8DB2}.Debug|Any CPU.ActiveCfg = Debug|Any CPU
		{0ECAF58D-E6A2-485C-9166-76887D7A8DB2}.Debug|Any CPU.Build.0 = Debug|Any CPU
		{0ECAF58D-E6A2-485C-9166-76887D7A8DB2}.Release|Any CPU.ActiveCfg = Release|Any CPU
		{0ECAF58D-E6A2-485C-9166-76887D7A8DB2}.Release|Any CPU.Build.0 = Release|Any CPU
	EndGlobalSection
	GlobalSection(SolutionProperties) = preSolution
		HideSolutionNode = FALSE
	EndGlobalSection
	GlobalSection(NestedProjects) = preSolution
		{7691126E-1B90-47C3-A2F6-9E05D2964B9E} = {D5C632B1-F708-4531-AE71-17A7736246C4}
		{F421F393-9457-41A1-B9CA-CCF4229C0B69} = {6B247C4B-0225-457B-ACBC-38CEB792C12B}
		{EC17388F-4B97-430D-B724-2685A56F56F1} = {6B247C4B-0225-457B-ACBC-38CEB792C12B}
		{7A93F7C4-CB8A-4543-9A2A-C5CBC3405C09} = {6B247C4B-0225-457B-ACBC-38CEB792C12B}
		{E57A5031-F151-412D-A7DD-2A18C33CA55A} = {D5C632B1-F708-4531-AE71-17A7736246C4}
		{1C8C5E2E-D928-443C-88F5-57C633634E39} = {D5C632B1-F708-4531-AE71-17A7736246C4}
		{17FE9D83-9E37-4051-B0A4-6FDE95B7EAC3} = {6B247C4B-0225-457B-ACBC-38CEB792C12B}
		{D1C1E0F2-EBDB-40E0-B878-33B1F51F678D} = {6B247C4B-0225-457B-ACBC-38CEB792C12B}
		{574E9A31-253D-4CDA-8768-0C3DC88CFB3F} = {6B247C4B-0225-457B-ACBC-38CEB792C12B}
		{7AE9DAC6-4DF2-46B2-9FBD-6825BD9FB5C5} = {6B247C4B-0225-457B-ACBC-38CEB792C12B}
		{CCBCF928-BA04-4080-90CC-3822D15088C9} = {6B247C4B-0225-457B-ACBC-38CEB792C12B}
		{C8264947-C787-442D-B799-716C7B6D1C87} = {4C8569AA-17EC-4D25-B9EF-710931F8A6F3}
		{E7A0701D-312D-45C2-8FB5-1D3B6EFB9FDE} = {6B247C4B-0225-457B-ACBC-38CEB792C12B}
		{B0462F9E-943D-4E15-A91D-9614A39BD77B} = {03F153B5-E361-42AB-B232-A21F2F0E7AFB}
		{3A439DAE-FF20-4DA6-B405-AFE58678F920} = {B0462F9E-943D-4E15-A91D-9614A39BD77B}
		{6B247C4B-0225-457B-ACBC-38CEB792C12B} = {03F153B5-E361-42AB-B232-A21F2F0E7AFB}
		{6B056CFB-D9B0-4E4E-8082-02345ED4624B} = {6B247C4B-0225-457B-ACBC-38CEB792C12B}
		{3A916FD0-34CD-48E6-AA64-5BCB72DF633F} = {D5C632B1-F708-4531-AE71-17A7736246C4}
		{2B2BF682-450A-47D4-BA8D-BA239D3543D3} = {102E00B5-C267-4ADF-8808-884E3374BD22}
		{54890BB5-2C89-4E51-AC10-6A4E71D2AA9A} = {6B247C4B-0225-457B-ACBC-38CEB792C12B}
		{029FBFA3-6FEA-4867-9797-02ED3FE71AFA} = {03F153B5-E361-42AB-B232-A21F2F0E7AFB}
		{E99D6F1D-F4C3-4C2A-902E-CA9922DEDD73} = {029FBFA3-6FEA-4867-9797-02ED3FE71AFA}
		{007B39D1-CE64-47C3-AA8C-29F4830F9549} = {E99D6F1D-F4C3-4C2A-902E-CA9922DEDD73}
		{E14C12A9-4C16-4648-8E6C-91897795E4A5} = {4C8569AA-17EC-4D25-B9EF-710931F8A6F3}
		{CCD6BF6F-C784-4407-B8D4-DEC983CC816A} = {6B247C4B-0225-457B-ACBC-38CEB792C12B}
		{0ECAF58D-E6A2-485C-9166-76887D7A8DB2} = {6B247C4B-0225-457B-ACBC-38CEB792C12B}
	EndGlobalSection
	GlobalSection(ExtensibilityGlobals) = postSolution
		SolutionGuid = {97482D50-3D54-4B15-B814-EE1227933C17}
	EndGlobalSection
EndGlobal
