
Microsoft Visual Studio Solution File, Format Version 12.00
# Visual Studio Version 17
VisualStudioVersion = 17.8.34309.116
MinimumVisualStudioVersion = 10.0.40219.1
Project("{2150E333-8FDC-42A3-9474-1A3956D46DE8}") = "Solution Items", "Solution Items", "{A638F6B3-6409-4D7A-8ED3-65C73D6BC0AB}"
	ProjectSection(SolutionItems) = preProject
		readme.md = readme.md
	EndProjectSection
EndProject
Project("{2150E333-8FDC-42A3-9474-1A3956D46DE8}") = "Class projects", "Class projects", "{D5C632B1-F708-4531-AE71-17A7736246C4}"
EndProject
Project("{9A19103F-16F7-4668-BE54-9A1E7A4F7556}") = "NorthWind2023Library", "NorthWind2023Library\NorthWind2023Library.csproj", "{7691126E-1B90-47C3-A2F6-9E05D2964B9E}"
EndProject
Project("{9A19103F-16F7-4668-BE54-9A1E7A4F7556}") = "NorthWind2023App", "NorthWind2023App\NorthWind2023App.csproj", "{F421F393-9457-41A1-B9CA-CCF4229C0B69}"
EndProject
Project("{2150E333-8FDC-42A3-9474-1A3956D46DE8}") = "Console projects", "Console projects", "{03F153B5-E361-42AB-B232-A21F2F0E7AFB}"
EndProject
Project("{9A19103F-16F7-4668-BE54-9A1E7A4F7556}") = "ComplexTypesSampleApp", "ComplexTypesSampleApp\ComplexTypesSampleApp.csproj", "{EC17388F-4B97-430D-B724-2685A56F56F1}"
EndProject
Project("{FAE04EC0-301F-11D3-BF4B-00C04F79EFBC}") = "ImmutableComplexTypesSampleApp", "ImmutableComplexTypesSampleApp\ImmutableComplexTypesSampleApp.csproj", "{7A93F7C4-CB8A-4543-9A2A-C5CBC3405C09}"
EndProject
Project("{FAE04EC0-301F-11D3-BF4B-00C04F79EFBC}") = "EntityLibrary", "EntityLibrary\EntityLibrary.csproj", "{E57A5031-F151-412D-A7DD-2A18C33CA55A}"
EndProject
Project("{FAE04EC0-301F-11D3-BF4B-00C04F79EFBC}") = "UtilityLibarary", "UtilityLibarary\UtilityLibarary.csproj", "{1C8C5E2E-D928-443C-88F5-57C633634E39}"
EndProject
Project("{FAE04EC0-301F-11D3-BF4B-00C04F79EFBC}") = "ExecuteUpdateDeleteSampleApp", "ExecuteUpdateDeleteSampleApp\ExecuteUpdateDeleteSampleApp.csproj", "{17FE9D83-9E37-4051-B0A4-6FDE95B7EAC3}"
EndProject
Project("{FAE04EC0-301F-11D3-BF4B-00C04F79EFBC}") = "DefaultConstraintSampleApp", "DefaultConstraintSampleApp\DefaultConstraintSampleApp.csproj", "{D1C1E0F2-EBDB-40E0-B878-33B1F51F678D}"
EndProject
Project("{FAE04EC0-301F-11D3-BF4B-00C04F79EFBC}") = "DateOnlyTimeOnlySampleApp", "DateOnlyTimeOnlySampleApp\DateOnlyTimeOnlySampleApp.csproj", "{574E9A31-253D-4CDA-8768-0C3DC88CFB3F}"
EndProject
Project("{FAE04EC0-301F-11D3-BF4B-00C04F79EFBC}") = "HierarchyIdSampleApp", "HierarchyIdSampleApp\HierarchyIdSampleApp.csproj", "{7AE9DAC6-4DF2-46B2-9FBD-6825BD9FB5C5}"
EndProject
Project("{FAE04EC0-301F-11D3-BF4B-00C04F79EFBC}") = "BooksApp", "BooksApp\BooksApp.csproj", "{CCBCF928-BA04-4080-90CC-3822D15088C9}"
EndProject
Project("{FAE04EC0-301F-11D3-BF4B-00C04F79EFBC}") = "VisualStudioTools", "VisualStudioTools\VisualStudioTools.csproj", "{5C096174-A3C4-4F29-B0E9-52F23B2AD0B5}"
EndProject
Global
	GlobalSection(SolutionConfigurationPlatforms) = preSolution
		Debug|Any CPU = Debug|Any CPU
		Release|Any CPU = Release|Any CPU
	EndGlobalSection
	GlobalSection(ProjectConfigurationPlatforms) = postSolution
		{7691126E-1B90-47C3-A2F6-9E05D2964B9E}.Debug|Any CPU.ActiveCfg = Debug|Any CPU
		{7691126E-1B90-47C3-A2F6-9E05D2964B9E}.Debug|Any CPU.Build.0 = Debug|Any CPU
		{7691126E-1B90-47C3-A2F6-9E05D2964B9E}.Release|Any CPU.ActiveCfg = Debug|Any CPU
		{7691126E-1B90-47C3-A2F6-9E05D2964B9E}.Release|Any CPU.Build.0 = Debug|Any CPU
		{F421F393-9457-41A1-B9CA-CCF4229C0B69}.Debug|Any CPU.ActiveCfg = Debug|Any CPU
		{F421F393-9457-41A1-B9CA-CCF4229C0B69}.Debug|Any CPU.Build.0 = Debug|Any CPU
		{F421F393-9457-41A1-B9CA-CCF4229C0B69}.Release|Any CPU.ActiveCfg = Debug|Any CPU
		{F421F393-9457-41A1-B9CA-CCF4229C0B69}.Release|Any CPU.Build.0 = Debug|Any CPU
		{EC17388F-4B97-430D-B724-2685A56F56F1}.Debug|Any CPU.ActiveCfg = Debug|Any CPU
		{EC17388F-4B97-430D-B724-2685A56F56F1}.Debug|Any CPU.Build.0 = Debug|Any CPU
		{EC17388F-4B97-430D-B724-2685A56F56F1}.Release|Any CPU.ActiveCfg = Debug|Any CPU
		{EC17388F-4B97-430D-B724-2685A56F56F1}.Release|Any CPU.Build.0 = Debug|Any CPU
		{7A93F7C4-CB8A-4543-9A2A-C5CBC3405C09}.Debug|Any CPU.ActiveCfg = Debug|Any CPU
		{7A93F7C4-CB8A-4543-9A2A-C5CBC3405C09}.Debug|Any CPU.Build.0 = Debug|Any CPU
		{7A93F7C4-CB8A-4543-9A2A-C5CBC3405C09}.Release|Any CPU.ActiveCfg = Debug|Any CPU
		{7A93F7C4-CB8A-4543-9A2A-C5CBC3405C09}.Release|Any CPU.Build.0 = Debug|Any CPU
		{E57A5031-F151-412D-A7DD-2A18C33CA55A}.Debug|Any CPU.ActiveCfg = Debug|Any CPU
		{E57A5031-F151-412D-A7DD-2A18C33CA55A}.Debug|Any CPU.Build.0 = Debug|Any CPU
		{E57A5031-F151-412D-A7DD-2A18C33CA55A}.Release|Any CPU.ActiveCfg = Debug|Any CPU
		{E57A5031-F151-412D-A7DD-2A18C33CA55A}.Release|Any CPU.Build.0 = Debug|Any CPU
		{1C8C5E2E-D928-443C-88F5-57C633634E39}.Debug|Any CPU.ActiveCfg = Debug|Any CPU
		{1C8C5E2E-D928-443C-88F5-57C633634E39}.Debug|Any CPU.Build.0 = Debug|Any CPU
		{1C8C5E2E-D928-443C-88F5-57C633634E39}.Release|Any CPU.ActiveCfg = Debug|Any CPU
		{1C8C5E2E-D928-443C-88F5-57C633634E39}.Release|Any CPU.Build.0 = Debug|Any CPU
		{17FE9D83-9E37-4051-B0A4-6FDE95B7EAC3}.Debug|Any CPU.ActiveCfg = Debug|Any CPU
		{17FE9D83-9E37-4051-B0A4-6FDE95B7EAC3}.Debug|Any CPU.Build.0 = Debug|Any CPU
		{17FE9D83-9E37-4051-B0A4-6FDE95B7EAC3}.Release|Any CPU.ActiveCfg = Debug|Any CPU
		{17FE9D83-9E37-4051-B0A4-6FDE95B7EAC3}.Release|Any CPU.Build.0 = Debug|Any CPU
		{D1C1E0F2-EBDB-40E0-B878-33B1F51F678D}.Debug|Any CPU.ActiveCfg = Debug|Any CPU
		{D1C1E0F2-EBDB-40E0-B878-33B1F51F678D}.Debug|Any CPU.Build.0 = Debug|Any CPU
		{D1C1E0F2-EBDB-40E0-B878-33B1F51F678D}.Release|Any CPU.ActiveCfg = Debug|Any CPU
		{D1C1E0F2-EBDB-40E0-B878-33B1F51F678D}.Release|Any CPU.Build.0 = Debug|Any CPU
		{574E9A31-253D-4CDA-8768-0C3DC88CFB3F}.Debug|Any CPU.ActiveCfg = Debug|Any CPU
		{574E9A31-253D-4CDA-8768-0C3DC88CFB3F}.Debug|Any CPU.Build.0 = Debug|Any CPU
		{574E9A31-253D-4CDA-8768-0C3DC88CFB3F}.Release|Any CPU.ActiveCfg = Debug|Any CPU
		{574E9A31-253D-4CDA-8768-0C3DC88CFB3F}.Release|Any CPU.Build.0 = Debug|Any CPU
		{7AE9DAC6-4DF2-46B2-9FBD-6825BD9FB5C5}.Debug|Any CPU.ActiveCfg = Debug|Any CPU
		{7AE9DAC6-4DF2-46B2-9FBD-6825BD9FB5C5}.Debug|Any CPU.Build.0 = Debug|Any CPU
		{7AE9DAC6-4DF2-46B2-9FBD-6825BD9FB5C5}.Release|Any CPU.ActiveCfg = Debug|Any CPU
		{7AE9DAC6-4DF2-46B2-9FBD-6825BD9FB5C5}.Release|Any CPU.Build.0 = Debug|Any CPU
		{CCBCF928-BA04-4080-90CC-3822D15088C9}.Debug|Any CPU.ActiveCfg = Debug|Any CPU
		{CCBCF928-BA04-4080-90CC-3822D15088C9}.Debug|Any CPU.Build.0 = Debug|Any CPU
		{CCBCF928-BA04-4080-90CC-3822D15088C9}.Release|Any CPU.ActiveCfg = Release|Any CPU
		{CCBCF928-BA04-4080-90CC-3822D15088C9}.Release|Any CPU.Build.0 = Release|Any CPU
		{5C096174-A3C4-4F29-B0E9-52F23B2AD0B5}.Debug|Any CPU.ActiveCfg = Debug|Any CPU
		{5C096174-A3C4-4F29-B0E9-52F23B2AD0B5}.Debug|Any CPU.Build.0 = Debug|Any CPU
		{5C096174-A3C4-4F29-B0E9-52F23B2AD0B5}.Release|Any CPU.ActiveCfg = Debug|Any CPU
		{5C096174-A3C4-4F29-B0E9-52F23B2AD0B5}.Release|Any CPU.Build.0 = Debug|Any CPU
	EndGlobalSection
	GlobalSection(SolutionProperties) = preSolution
		HideSolutionNode = FALSE
	EndGlobalSection
	GlobalSection(NestedProjects) = preSolution
		{7691126E-1B90-47C3-A2F6-9E05D2964B9E} = {D5C632B1-F708-4531-AE71-17A7736246C4}
		{F421F393-9457-41A1-B9CA-CCF4229C0B69} = {03F153B5-E361-42AB-B232-A21F2F0E7AFB}
		{EC17388F-4B97-430D-B724-2685A56F56F1} = {03F153B5-E361-42AB-B232-A21F2F0E7AFB}
		{7A93F7C4-CB8A-4543-9A2A-C5CBC3405C09} = {03F153B5-E361-42AB-B232-A21F2F0E7AFB}
		{E57A5031-F151-412D-A7DD-2A18C33CA55A} = {D5C632B1-F708-4531-AE71-17A7736246C4}
		{1C8C5E2E-D928-443C-88F5-57C633634E39} = {D5C632B1-F708-4531-AE71-17A7736246C4}
		{17FE9D83-9E37-4051-B0A4-6FDE95B7EAC3} = {03F153B5-E361-42AB-B232-A21F2F0E7AFB}
		{D1C1E0F2-EBDB-40E0-B878-33B1F51F678D} = {03F153B5-E361-42AB-B232-A21F2F0E7AFB}
		{574E9A31-253D-4CDA-8768-0C3DC88CFB3F} = {03F153B5-E361-42AB-B232-A21F2F0E7AFB}
		{7AE9DAC6-4DF2-46B2-9FBD-6825BD9FB5C5} = {03F153B5-E361-42AB-B232-A21F2F0E7AFB}
		{CCBCF928-BA04-4080-90CC-3822D15088C9} = {03F153B5-E361-42AB-B232-A21F2F0E7AFB}
		{5C096174-A3C4-4F29-B0E9-52F23B2AD0B5} = {D5C632B1-F708-4531-AE71-17A7736246C4}
	EndGlobalSection
	GlobalSection(ExtensibilityGlobals) = postSolution
		SolutionGuid = {97482D50-3D54-4B15-B814-EE1227933C17}
	EndGlobalSection
EndGlobal
